[[package]]
name = "appnope"
version = "0.1.3"
description = "Disable App Nap on macOS >= 10.9"
category = "main"
optional = false
python-versions = "*"

[[package]]
name = "astropy"
version = "5.2.2"
description = "Astronomy and astrophysics core library"
category = "main"
optional = false
python-versions = ">=3.8"

[package.dependencies]
numpy = ">=1.20"
packaging = ">=19.0"
pyerfa = ">=2.0"
PyYAML = ">=3.13"

[package.extras]
all = ["scipy (>=1.5)", "matplotlib (>=3.1,!=3.4.0,!=3.5.2)", "certifi", "dask", "h5py", "pyarrow (>=5.0.0)", "beautifulsoup4", "html5lib", "bleach", "pandas", "sortedcontainers", "pytz", "jplephem", "mpmath", "asdf (>=2.10.0)", "bottleneck", "ipython (>=4.2)", "pytest (>=7.0)", "typing-extensions (>=3.10.0.1)", "fsspec[http] (>=2022.8.2)", "s3fs (>=2022.8.2)"]
docs = ["sphinx", "sphinx-astropy (>=1.6)", "pytest (>=7.0)", "scipy (>=1.3)", "matplotlib (>=3.1,!=3.4.0,!=3.5.2)", "sphinx-changelog (>=1.2.0)", "Jinja2 (>=3.0)"]
recommended = ["scipy (>=1.5)", "matplotlib (>=3.1,!=3.4.0,!=3.5.2)"]
test = ["pytest (>=7.0)", "pytest-doctestplus (>=0.12)", "pytest-astropy-header (>=0.2.1)", "pytest-astropy (>=0.10)", "pytest-xdist"]
test_all = ["pytest (>=7.0)", "pytest-doctestplus (>=0.12)", "pytest-astropy-header (>=0.2.1)", "pytest-astropy (>=0.10)", "pytest-xdist", "objgraph", "ipython (>=4.2)", "coverage", "skyfield (>=1.20)", "sgp4 (>=2.3)"]

[[package]]
name = "asttokens"
version = "2.2.1"
description = "Annotate AST trees with source code positions"
category = "main"
optional = false
python-versions = "*"

[package.dependencies]
six = "*"

[package.extras]
test = ["astroid", "pytest"]

[[package]]
name = "backcall"
version = "0.2.0"
description = "Specifications for callback functions passed in to an API"
category = "main"
optional = false
python-versions = "*"

[[package]]
name = "blosc2"
version = "2.0.0"
description = "Python wrapper for the C-Blosc2 library."
category = "main"
optional = false
python-versions = ">=3.8, <4"

[package.dependencies]
msgpack = "*"

[[package]]
name = "bokeh"
version = "2.4.3"
description = "Interactive plots and applications in the browser from Python"
category = "main"
optional = false
python-versions = ">=3.7"

[package.dependencies]
Jinja2 = ">=2.9"
numpy = ">=1.11.3"
packaging = ">=16.8"
pillow = ">=7.1.0"
PyYAML = ">=3.10"
tornado = ">=5.1"
typing-extensions = ">=3.10.0"

[[package]]
name = "cdasws"
version = "1.7.43"
description = "NASA's Coordinated Data Analysis System Web Service Client Library"
category = "main"
optional = false
python-versions = "*"

[package.dependencies]
python-dateutil = ">=2.8.0"
requests = ">=2.20"

[package.extras]
spdm = ["spacepy (>=0.1.6)"]
xarray = ["cdflib (>=0.4.4)"]

[[package]]
name = "cdflib"
version = "0.4.9"
description = "A python CDF reader toolkit"
category = "main"
optional = false
python-versions = ">=3.6"

[package.dependencies]
numpy = "*"

[package.extras]
docs = ["astropy", "numpydoc", "sphinx", "sphinx-rtd-theme", "xarray", "sphinx-automodapi"]
tests = ["astropy", "hypothesis", "pytest (>=3.9)", "pytest-cov", "pytest-remotedata", "xarray"]

[[package]]
name = "certifi"
version = "2023.7.22"
description = "Python package for providing Mozilla's CA Bundle."
category = "main"
optional = false
python-versions = ">=3.6"

[[package]]
name = "cftime"
version = "1.6.2"
description = "Time-handling functionality from netcdf4-python"
category = "main"
optional = false
python-versions = ">=3.7"

[package.dependencies]
numpy = ">1.13.3"

[[package]]
name = "charset-normalizer"
version = "3.2.0"
description = "The Real First Universal Charset Detector. Open, modern and actively maintained alternative to Chardet."
category = "main"
optional = false
python-versions = ">=3.7.0"

[[package]]
name = "colorama"
version = "0.4.6"
description = "Cross-platform colored terminal text."
category = "main"
optional = false
python-versions = "!=3.0.*,!=3.1.*,!=3.2.*,!=3.3.*,!=3.4.*,!=3.5.*,!=3.6.*,>=2.7"

[[package]]
name = "cycler"
version = "0.11.0"
description = "Composable style cycles"
category = "main"
optional = false
python-versions = ">=3.6"

[[package]]
name = "cython"
version = "3.0.2"
description = "The Cython compiler for writing C extensions in the Python language."
category = "main"
optional = false
python-versions = ">=2.7, !=3.0.*, !=3.1.*, !=3.2.*, !=3.3.*"

[[package]]
name = "decorator"
version = "5.1.1"
description = "Decorators for Humans"
category = "main"
optional = false
python-versions = ">=3.5"

[[package]]
name = "executing"
version = "1.2.0"
description = "Get the currently executing AST node of a frame, and other information"
category = "main"
optional = false
python-versions = "*"

[package.extras]
tests = ["asttokens", "pytest", "littleutils", "rich"]

[[package]]
name = "fonttools"
version = "4.42.1"
description = "Tools to manipulate font files"
category = "main"
optional = false
python-versions = ">=3.8"

[package.extras]
all = ["fs (>=2.2.0,<3)", "lxml (>=4.0,<5)", "zopfli (>=0.1.4)", "lz4 (>=1.7.4.2)", "matplotlib", "sympy", "skia-pathops (>=0.5.0)", "uharfbuzz (>=0.23.0)", "brotlicffi (>=0.8.0)", "scipy", "brotli (>=1.0.1)", "munkres", "unicodedata2 (>=15.0.0)", "xattr"]
graphite = ["lz4 (>=1.7.4.2)"]
interpolatable = ["scipy", "munkres"]
lxml = ["lxml (>=4.0,<5)"]
pathops = ["skia-pathops (>=0.5.0)"]
plot = ["matplotlib"]
repacker = ["uharfbuzz (>=0.23.0)"]
symfont = ["sympy"]
type1 = ["xattr"]
ufo = ["fs (>=2.2.0,<3)"]
unicode = ["unicodedata2 (>=15.0.0)"]
woff = ["zopfli (>=0.1.4)", "brotlicffi (>=0.8.0)", "brotli (>=1.0.1)"]

[[package]]
name = "geopack"
version = "1.0.10"
description = "Python version of geopack and Tsyganenko models, compatible with geopack05 and geopack08"
category = "main"
optional = false
python-versions = "*"

[package.dependencies]
numpy = "*"
scipy = "*"

[[package]]
name = "h5py"
version = "3.9.0"
description = "Read and write HDF5 files from Python"
category = "main"
optional = false
python-versions = ">=3.8"

[package.dependencies]
numpy = ">=1.17.3"

[[package]]
name = "hapiclient"
version = "0.2.5"
description = "Interface to Heliophysics data server API"
category = "main"
optional = false
python-versions = "*"

[package.dependencies]
isodate = ">=0.6.0"
joblib = "*"
numpy = ">=1.14.3"
pandas = ">=0.23"
urllib3 = "*"

[[package]]
name = "idna"
version = "3.4"
description = "Internationalized Domain Names in Applications (IDNA)"
category = "main"
optional = false
python-versions = ">=3.5"

[[package]]
name = "imageio"
version = "2.31.2"
description = "Library for reading and writing a wide range of image, video, scientific, and volumetric data formats."
category = "main"
optional = false
python-versions = ">=3.7"

[package.dependencies]
numpy = "*"
pillow = ">=8.3.2"

[package.extras]
all-plugins = ["astropy", "av", "imageio-ffmpeg", "psutil", "tifffile"]
all-plugins-pypy = ["av", "imageio-ffmpeg", "psutil", "tifffile"]
build = ["wheel"]
dev = ["pytest", "pytest-cov", "fsspec", "black", "flake8"]
docs = ["sphinx (<6)", "numpydoc", "pydata-sphinx-theme"]
ffmpeg = ["imageio-ffmpeg", "psutil"]
fits = ["astropy"]
full = ["astropy", "av", "black", "flake8", "fsspec", "gdal", "imageio-ffmpeg", "itk", "numpydoc", "psutil", "pydata-sphinx-theme", "pytest", "pytest-cov", "sphinx (<6)", "tifffile", "wheel"]
gdal = ["gdal"]
itk = ["itk"]
linting = ["black", "flake8"]
pyav = ["av"]
test = ["pytest", "pytest-cov", "fsspec"]
tifffile = ["tifffile"]

[[package]]
name = "ipython"
version = "8.6.0"
description = "IPython: Productive Interactive Computing"
category = "main"
optional = false
python-versions = ">=3.8"

[package.dependencies]
appnope = {version = "*", markers = "sys_platform == \"darwin\""}
backcall = "*"
colorama = {version = "*", markers = "sys_platform == \"win32\""}
decorator = "*"
jedi = ">=0.16"
matplotlib-inline = "*"
pexpect = {version = ">4.3", markers = "sys_platform != \"win32\""}
pickleshare = "*"
prompt-toolkit = ">3.0.1,<3.1.0"
pygments = ">=2.4.0"
stack-data = "*"
traitlets = ">=5"

[package.extras]
all = ["black", "ipykernel", "setuptools (>=18.5)", "sphinx (>=1.3)", "sphinx-rtd-theme", "docrepr", "matplotlib", "stack-data", "pytest (<7)", "typing-extensions", "pytest (<7.1)", "pytest-asyncio", "testpath", "nbconvert", "nbformat", "ipywidgets", "notebook", "ipyparallel", "qtconsole", "curio", "matplotlib (!=3.2.0)", "numpy (>=1.20)", "pandas", "trio"]
black = ["black"]
doc = ["ipykernel", "setuptools (>=18.5)", "sphinx (>=1.3)", "sphinx-rtd-theme", "docrepr", "matplotlib", "stack-data", "pytest (<7)", "typing-extensions", "pytest (<7.1)", "pytest-asyncio", "testpath"]
kernel = ["ipykernel"]
nbconvert = ["nbconvert"]
nbformat = ["nbformat"]
notebook = ["ipywidgets", "notebook"]
parallel = ["ipyparallel"]
qtconsole = ["qtconsole"]
test = ["pytest (<7.1)", "pytest-asyncio", "testpath"]
test_extra = ["pytest (<7.1)", "pytest-asyncio", "testpath", "curio", "matplotlib (!=3.2.0)", "nbformat", "numpy (>=1.20)", "pandas", "trio"]

[[package]]
name = "isodate"
version = "0.6.1"
description = "An ISO 8601 date/time/duration parser and formatter"
category = "main"
optional = false
python-versions = "*"

[package.dependencies]
six = "*"

[[package]]
name = "jedi"
version = "0.19.0"
description = "An autocompletion tool for Python that can be used for text editors."
category = "main"
optional = false
python-versions = ">=3.6"

[package.dependencies]
parso = ">=0.8.3,<0.9.0"

[package.extras]
docs = ["Jinja2 (==2.11.3)", "MarkupSafe (==1.1.1)", "Pygments (==2.8.1)", "alabaster (==0.7.12)", "babel (==2.9.1)", "chardet (==4.0.0)", "commonmark (==0.8.1)", "docutils (==0.17.1)", "future (==0.18.2)", "idna (==2.10)", "imagesize (==1.2.0)", "mock (==1.0.1)", "packaging (==20.9)", "pyparsing (==2.4.7)", "pytz (==2021.1)", "readthedocs-sphinx-ext (==2.1.4)", "recommonmark (==0.5.0)", "requests (==2.25.1)", "six (==1.15.0)", "snowballstemmer (==2.1.0)", "sphinx-rtd-theme (==0.4.3)", "sphinx (==1.8.5)", "sphinxcontrib-serializinghtml (==1.1.4)", "sphinxcontrib-websupport (==1.2.4)", "urllib3 (==1.26.4)"]
qa = ["flake8 (==5.0.4)", "mypy (==0.971)", "types-setuptools (==67.2.0.1)"]
testing = ["Django (<3.1)", "attrs", "colorama", "docopt", "pytest (<7.0.0)"]

[[package]]
name = "jinja2"
version = "3.1.2"
description = "A very fast and expressive template engine."
category = "main"
optional = false
python-versions = ">=3.7"

[package.dependencies]
MarkupSafe = ">=2.0"

[package.extras]
i18n = ["Babel (>=2.7)"]

[[package]]
name = "joblib"
version = "1.3.2"
description = "Lightweight pipelining with Python functions"
category = "main"
optional = false
python-versions = ">=3.7"

[[package]]
name = "kiwisolver"
version = "1.4.5"
description = "A fast implementation of the Cassowary constraint solver"
category = "main"
optional = false
python-versions = ">=3.7"

[[package]]
name = "markupsafe"
version = "2.1.3"
description = "Safely add untrusted strings to HTML/XML markup."
category = "main"
optional = false
python-versions = ">=3.7"

[[package]]
name = "matplotlib"
version = "3.5.1"
description = "Python plotting package"
category = "main"
optional = false
python-versions = ">=3.7"

[package.dependencies]
cycler = ">=0.10"
fonttools = ">=4.22.0"
kiwisolver = ">=1.0.1"
numpy = ">=1.17"
packaging = ">=20.0"
pillow = ">=6.2.0"
pyparsing = ">=2.2.1"
python-dateutil = ">=2.7"
setuptools_scm = ">=4"

[[package]]
name = "matplotlib-inline"
version = "0.1.6"
description = "Inline Matplotlib backend for Jupyter"
category = "main"
optional = false
python-versions = ">=3.5"

[package.dependencies]
traitlets = "*"

[[package]]
name = "more-itertools"
version = "9.1.0"
description = "More routines for operating on iterables, beyond itertools"
category = "main"
optional = false
python-versions = ">=3.7"

[[package]]
name = "msgpack"
version = "1.0.5"
description = "MessagePack serializer"
category = "main"
optional = false
python-versions = "*"

[[package]]
name = "netcdf4"
version = "1.6.4"
description = "Provides an object-oriented python interface to the netCDF version 4 library"
category = "main"
optional = false
python-versions = ">=3.7"

[package.dependencies]
certifi = "*"
cftime = "*"
numpy = "*"

[[package]]
name = "networkx"
version = "3.1"
description = "Python package for creating and manipulating graphs and networks"
category = "main"
optional = false
python-versions = ">=3.8"

[package.extras]
default = ["numpy (>=1.20)", "scipy (>=1.8)", "matplotlib (>=3.4)", "pandas (>=1.3)"]
developer = ["pre-commit (>=3.2)", "mypy (>=1.1)"]
doc = ["sphinx (>=6.1)", "pydata-sphinx-theme (>=0.13)", "sphinx-gallery (>=0.12)", "numpydoc (>=1.5)", "pillow (>=9.4)", "nb2plots (>=0.6)", "texext (>=0.6.7)"]
extra = ["lxml (>=4.6)", "pygraphviz (>=1.10)", "pydot (>=1.4.2)", "sympy (>=1.10)"]
test = ["pytest (>=7.2)", "pytest-cov (>=4.0)", "codecov (>=2.1)"]

[[package]]
name = "numexpr"
version = "2.8.5"
description = "Fast numerical expression evaluator for NumPy"
category = "main"
optional = false
python-versions = ">=3.7"

[package.dependencies]
numpy = ">=1.13.3"

[[package]]
name = "numpy"
version = "1.24.4"
description = "Fundamental package for array computing in Python"
category = "main"
optional = false
python-versions = ">=3.8"

[[package]]
name = "packaging"
version = "23.1"
description = "Core utilities for Python packages"
category = "main"
optional = false
python-versions = ">=3.7"

[[package]]
name = "pandas"
version = "2.0.3"
description = "Powerful data structures for data analysis, time series, and statistics"
category = "main"
optional = false
python-versions = ">=3.8"

[package.dependencies]
numpy = [
    {version = ">=1.20.3", markers = "python_version < \"3.10\""},
    {version = ">=1.21.0", markers = "python_version >= \"3.10\""},
]
python-dateutil = ">=2.8.2"
pytz = ">=2020.1"
tzdata = ">=2022.1"

[package.extras]
all = ["beautifulsoup4 (>=4.9.3)", "bottleneck (>=1.3.2)", "brotlipy (>=0.7.0)", "fastparquet (>=0.6.3)", "fsspec (>=2021.07.0)", "gcsfs (>=2021.07.0)", "html5lib (>=1.1)", "hypothesis (>=6.34.2)", "jinja2 (>=3.0.0)", "lxml (>=4.6.3)", "matplotlib (>=3.6.1)", "numba (>=0.53.1)", "numexpr (>=2.7.3)", "odfpy (>=1.4.1)", "openpyxl (>=3.0.7)", "pandas-gbq (>=0.15.0)", "psycopg2 (>=2.8.6)", "pyarrow (>=7.0.0)", "pymysql (>=1.0.2)", "PyQt5 (>=5.15.1)", "pyreadstat (>=1.1.2)", "pytest (>=7.3.2)", "pytest-xdist (>=2.2.0)", "pytest-asyncio (>=0.17.0)", "python-snappy (>=0.6.0)", "pyxlsb (>=1.0.8)", "qtpy (>=2.2.0)", "scipy (>=1.7.1)", "s3fs (>=2021.08.0)", "SQLAlchemy (>=1.4.16)", "tables (>=3.6.1)", "tabulate (>=0.8.9)", "xarray (>=0.21.0)", "xlrd (>=2.0.1)", "xlsxwriter (>=1.4.3)", "zstandard (>=0.15.2)"]
aws = ["s3fs (>=2021.08.0)"]
clipboard = ["PyQt5 (>=5.15.1)", "qtpy (>=2.2.0)"]
compression = ["brotlipy (>=0.7.0)", "python-snappy (>=0.6.0)", "zstandard (>=0.15.2)"]
computation = ["scipy (>=1.7.1)", "xarray (>=0.21.0)"]
excel = ["odfpy (>=1.4.1)", "openpyxl (>=3.0.7)", "pyxlsb (>=1.0.8)", "xlrd (>=2.0.1)", "xlsxwriter (>=1.4.3)"]
feather = ["pyarrow (>=7.0.0)"]
fss = ["fsspec (>=2021.07.0)"]
gcp = ["gcsfs (>=2021.07.0)", "pandas-gbq (>=0.15.0)"]
hdf5 = ["tables (>=3.6.1)"]
html = ["beautifulsoup4 (>=4.9.3)", "html5lib (>=1.1)", "lxml (>=4.6.3)"]
mysql = ["SQLAlchemy (>=1.4.16)", "pymysql (>=1.0.2)"]
output_formatting = ["jinja2 (>=3.0.0)", "tabulate (>=0.8.9)"]
parquet = ["pyarrow (>=7.0.0)"]
performance = ["bottleneck (>=1.3.2)", "numba (>=0.53.1)", "numexpr (>=2.7.1)"]
plot = ["matplotlib (>=3.6.1)"]
postgresql = ["SQLAlchemy (>=1.4.16)", "psycopg2 (>=2.8.6)"]
spss = ["pyreadstat (>=1.1.2)"]
sql-other = ["SQLAlchemy (>=1.4.16)"]
test = ["hypothesis (>=6.34.2)", "pytest (>=7.3.2)", "pytest-xdist (>=2.2.0)", "pytest-asyncio (>=0.17.0)"]
xml = ["lxml (>=4.6.3)"]

[[package]]
name = "parso"
version = "0.8.3"
description = "A Python Parser"
category = "main"
optional = false
python-versions = ">=3.6"

[package.extras]
qa = ["flake8 (==3.8.3)", "mypy (==0.782)"]
testing = ["docopt", "pytest (<6.0.0)"]

[[package]]
name = "pexpect"
version = "4.8.0"
description = "Pexpect allows easy control of interactive console applications."
category = "main"
optional = false
python-versions = "*"

[package.dependencies]
ptyprocess = ">=0.5"

[[package]]
name = "pickleshare"
version = "0.7.5"
description = "Tiny 'shelve'-like database with concurrency support"
category = "main"
optional = false
python-versions = "*"

[[package]]
name = "pillow"
version = "10.0.0"
description = "Python Imaging Library (Fork)"
category = "main"
optional = false
python-versions = ">=3.8"

[package.extras]
docs = ["furo", "olefile", "sphinx (>=2.4)", "sphinx-copybutton", "sphinx-inline-tabs", "sphinx-removed-in", "sphinxext-opengraph"]
tests = ["check-manifest", "coverage", "defusedxml", "markdown2", "olefile", "packaging", "pyroma", "pytest", "pytest-cov", "pytest-timeout"]

[[package]]
name = "prompt-toolkit"
version = "3.0.39"
description = "Library for building powerful interactive command lines in Python"
category = "main"
optional = false
python-versions = ">=3.7.0"

[package.dependencies]
wcwidth = "*"

[[package]]
name = "ptyprocess"
version = "0.7.0"
description = "Run a subprocess in a pseudo terminal"
category = "main"
optional = false
python-versions = "*"

[[package]]
name = "pure-eval"
version = "0.2.2"
description = "Safely evaluate AST nodes without side effects"
category = "main"
optional = false
python-versions = "*"

[package.extras]
tests = ["pytest"]

[[package]]
name = "py-cpuinfo"
version = "9.0.0"
description = "Get CPU info with pure Python"
category = "main"
optional = false
python-versions = "*"

[[package]]
name = "pyerfa"
version = "2.0.0.3"
description = "Python bindings for ERFA"
category = "main"
optional = false
python-versions = ">=3.7"

[package.dependencies]
numpy = ">=1.17"

[package.extras]
docs = ["sphinx-astropy (>=1.3)"]
test = ["pytest", "pytest-doctestplus (>=0.7)"]

[[package]]
name = "pygments"
version = "2.16.1"
description = "Pygments is a syntax highlighting package written in Python."
category = "main"
optional = false
python-versions = ">=3.7"

[package.extras]
plugins = ["importlib-metadata"]

[[package]]
name = "pyparsing"
version = "3.1.1"
description = "pyparsing module - Classes and methods to define and execute parsing grammars"
category = "main"
optional = false
python-versions = ">=3.6.8"

[package.extras]
diagrams = ["railroad-diagrams", "jinja2"]

[[package]]
name = "pyspedas"
version = "1.4.44"
description = "Python Space Physics Environment Data Analysis Software (pySPEDAS)"
category = "main"
optional = false
python-versions = ">=3.7"

[package.dependencies]
astropy = "*"
cdasws = ">=1.7.24"
cdflib = "<1.0.0"
geopack = ">=1.0.10"
hapiclient = ">=0.2.2"
netCDF4 = ">=1.6.2"
numpy = ">=1.19.5"
pytplot-mpl-temp = ">=2.1.44"
pywavelets = "*"
requests = "*"
viresclient = "*"

[[package]]
name = "python-dateutil"
version = "2.8.2"
description = "Extensions to the standard Python datetime module"
category = "main"
optional = false
python-versions = "!=3.0.*,!=3.1.*,!=3.2.*,>=2.7"

[package.dependencies]
six = ">=1.5"

[[package]]
name = "pytplot-mpl-temp"
version = "2.1.47"
description = "A python version of IDL tplot libraries"
category = "main"
optional = false
python-versions = ">=3.6"

[package.dependencies]
astropy = "*"
bokeh = ">=1.1,<3.0"
cdflib = "<1.0.0"
matplotlib = ">=3.4"
netCDF4 = "*"
numpy = ">=1.19.5"
pandas = "*"
python-dateutil = "*"
scipy = "*"
xarray = "*"

[package.extras]
tests = ["pytest", "pytest-cov", "coveralls", "flake8", "mypy", "astropy"]

[[package]]
name = "pytz"
version = "2023.3"
description = "World timezone definitions, modern and historical"
category = "main"
optional = false
python-versions = "*"

[[package]]
name = "pywavelets"
version = "1.4.1"
description = "PyWavelets, wavelet transform module"
category = "main"
optional = false
python-versions = ">=3.8"

[package.dependencies]
numpy = ">=1.17.3"

[[package]]
name = "pyyaml"
version = "6.0.1"
description = "YAML parser and emitter for Python"
category = "main"
optional = false
python-versions = ">=3.6"

[[package]]
name = "requests"
version = "2.31.0"
description = "Python HTTP for Humans."
category = "main"
optional = false
python-versions = ">=3.7"

[package.dependencies]
certifi = ">=2017.4.17"
charset-normalizer = ">=2,<4"
idna = ">=2.5,<4"
urllib3 = ">=1.21.1,<3"

[package.extras]
socks = ["PySocks (>=1.5.6,!=1.5.7)"]
use_chardet_on_py3 = ["chardet (>=3.0.2,<6)"]

[[package]]
name = "scikit-image"
version = "0.19.3"
description = "Image processing in Python"
category = "main"
optional = false
python-versions = ">=3.7"

[package.dependencies]
imageio = ">=2.4.1"
networkx = ">=2.2"
numpy = ">=1.17.0"
packaging = ">=20.0"
pillow = ">=6.1.0,<7.1.0 || >7.1.0,<7.1.1 || >7.1.1,<8.3.0 || >8.3.0"
PyWavelets = ">=1.1.1"
scipy = ">=1.4.1"
tifffile = ">=2019.7.26"

[package.extras]
data = ["pooch (>=1.3.0)"]
docs = ["sphinx (>=1.8)", "sphinx-gallery (>=0.10.1)", "numpydoc (>=1.0)", "sphinx-copybutton", "pytest-runner", "scikit-learn", "matplotlib (>=3.3)", "dask[array] (>=0.15.0,!=2.17.0)", "cloudpickle (>=0.2.1)", "pandas (>=0.23.0)", "seaborn (>=0.7.1)", "pooch (>=1.3.0)", "tifffile (>=2020.5.30)", "myst-parser", "ipywidgets", "plotly (>=4.14.0)", "kaleido"]
optional = ["simpleitk", "astropy (>=3.1.2)", "cloudpickle (>=0.2.1)", "dask[array] (>=1.0.0,!=2.17.0)", "matplotlib (>=3.0.3)", "pooch (>=1.3.0)", "pyamg", "qtpy"]
test = ["asv", "codecov", "flake8", "matplotlib (>=3.0.3)", "pooch (>=1.3.0)", "pytest (>=5.2.0)", "pytest-cov (>=2.7.0)", "pytest-localserver", "pytest-faulthandler"]

[[package]]
name = "scipy"
version = "1.10.1"
description = "Fundamental algorithms for scientific computing in Python"
category = "main"
optional = false
python-versions = "<3.12,>=3.8"

[package.dependencies]
numpy = ">=1.19.5,<1.27.0"

[package.extras]
test = ["pytest", "pytest-cov", "pytest-timeout", "pytest-xdist", "asv", "mpmath", "gmpy2", "threadpoolctl", "scikit-umfpack", "pooch"]
doc = ["sphinx (!=4.1.0)", "pydata-sphinx-theme (==0.9.0)", "sphinx-design (>=0.2.0)", "matplotlib (>2)", "numpydoc"]
dev = ["mypy", "typing-extensions", "pycodestyle", "flake8", "rich-click", "click", "doit (>=0.36.0)", "pydevtool"]

[[package]]
name = "seaborn"
version = "0.12.2"
description = "Statistical data visualization"
category = "main"
optional = false
python-versions = ">=3.7"

[package.dependencies]
matplotlib = ">=3.1,<3.6.1 || >3.6.1"
numpy = ">=1.17,<1.24.0 || >1.24.0"
pandas = ">=0.25"

[package.extras]
dev = ["pytest", "pytest-cov", "pytest-xdist", "flake8", "mypy", "pandas-stubs", "pre-commit", "flit"]
docs = ["numpydoc", "nbconvert", "ipykernel", "sphinx-copybutton", "sphinx-issues", "sphinx-design", "pyyaml", "pydata_sphinx_theme (==0.10.0rc2)"]
stats = ["scipy (>=1.3)", "statsmodels (>=0.10)"]

[[package]]
name = "setuptools-scm"
version = "7.1.0"
description = "the blessed package to manage your versions by scm tags"
category = "main"
optional = false
python-versions = ">=3.7"

[package.dependencies]
packaging = ">=20.0"
tomli = {version = ">=1.0.0", markers = "python_version < \"3.11\""}
typing-extensions = "*"

[package.extras]
test = ["pytest (>=6.2)", "virtualenv (>20)"]
toml = ["setuptools (>=42)"]

[[package]]
name = "six"
version = "1.16.0"
description = "Python 2 and 3 compatibility utilities"
category = "main"
optional = false
python-versions = ">=2.7, !=3.0.*, !=3.1.*, !=3.2.*"

[[package]]
name = "spacepy"
version = "0.4.1"
description = "SpacePy: Tools for Space Science Applications"
category = "main"
optional = false
python-versions = ">=3.1"

[package.dependencies]
h5py = ">=2.6"
matplotlib = ">=1.5"
numpy = ">=1.10,<1.15.0 || >1.15.0"
python-dateutil = ">=1.4"
scipy = ">=0.11"

[[package]]
name = "stack-data"
version = "0.6.2"
description = "Extract data from python stack frames and tracebacks for informative displays"
category = "main"
optional = false
python-versions = "*"

[package.dependencies]
asttokens = ">=2.1.0"
executing = ">=1.2.0"
pure-eval = "*"

[package.extras]
tests = ["pytest", "typeguard", "pygments", "littleutils", "cython"]

[[package]]
name = "tables"
version = "3.8.0"
description = "Hierarchical datasets for Python"
category = "main"
optional = false
python-versions = ">=3.8"

[package.dependencies]
blosc2 = ">=2.0.0,<2.1.0"
cython = ">=0.29.21"
numexpr = ">=2.6.2"
numpy = ">=1.19.0"
packaging = "*"
py-cpuinfo = "*"

[package.extras]
doc = ["sphinx (>=1.1)", "sphinx-rtd-theme", "numpydoc", "ipython"]

[[package]]
name = "tabulate"
version = "0.8.10"
description = "Pretty-print tabular data"
category = "main"
optional = false
python-versions = ">=2.7, !=3.0.*, !=3.1.*, !=3.2.*, !=3.3.*, !=3.4.*"

[package.extras]
widechars = ["wcwidth"]

[[package]]
name = "tifffile"
version = "2023.7.10"
description = "Read and write TIFF files"
category = "main"
optional = false
python-versions = ">=3.8"

[package.dependencies]
numpy = "*"

[package.extras]
all = ["imagecodecs (>=2023.1.23)", "matplotlib", "defusedxml", "lxml", "zarr", "fsspec"]

[[package]]
name = "tomli"
version = "2.0.1"
description = "A lil' TOML parser"
category = "main"
optional = false
python-versions = ">=3.7"

[[package]]
name = "tornado"
version = "6.3.3"
description = "Tornado is a Python web framework and asynchronous networking library, originally developed at FriendFeed."
category = "main"
optional = false
python-versions = ">= 3.8"

[[package]]
name = "tqdm"
version = "4.66.1"
description = "Fast, Extensible Progress Meter"
category = "main"
optional = false
python-versions = ">=3.7"

[package.dependencies]
colorama = {version = "*", markers = "platform_system == \"Windows\""}

[package.extras]
dev = ["pytest (>=6)", "pytest-cov", "pytest-timeout", "pytest-xdist"]
notebook = ["ipywidgets (>=6)"]
slack = ["slack-sdk"]
telegram = ["requests"]

[[package]]
name = "traitlets"
version = "5.9.0"
description = "Traitlets Python configuration system"
category = "main"
optional = false
python-versions = ">=3.7"

[package.extras]
docs = ["myst-parser", "pydata-sphinx-theme", "sphinx"]
test = ["argcomplete (>=2.0)", "pre-commit", "pytest", "pytest-mock"]

[[package]]
name = "trjtrypy"
version = "0.0.0"
description = "Distance between trajectories"
category = "main"
optional = false
python-versions = ">=3.7"

[package.dependencies]
matplotlib = ">=3.3.2"
numpy = ">=1.19.1"
scipy = ">=1.6.3"

[[package]]
name = "typing-extensions"
version = "4.7.1"
description = "Backported and Experimental Type Hints for Python 3.7+"
category = "main"
optional = false
python-versions = ">=3.7"

[[package]]
name = "tzdata"
version = "2023.3"
description = "Provider of IANA time zone data"
category = "main"
optional = false
python-versions = ">=2"

[[package]]
name = "urllib3"
version = "2.0.4"
description = "HTTP library with thread-safe connection pooling, file post, and more."
category = "main"
optional = false
python-versions = ">=3.7"

[package.extras]
brotli = ["brotli (>=1.0.9)", "brotlicffi (>=0.8.0)"]
secure = ["certifi", "cryptography (>=1.9)", "idna (>=2.0.0)", "pyopenssl (>=17.1.0)", "urllib3-secure-extra"]
socks = ["pysocks (>=1.5.6,!=1.5.7,<2.0)"]
zstd = ["zstandard (>=0.18.0)"]

[[package]]
name = "viresclient"
version = "0.11.2"
description = "A Python client for interacting with a VirES server"
category = "main"
optional = false
python-versions = ">=3.6"

[package.dependencies]
cdflib = ">=0.3.9"
Jinja2 = ">=2.10"
netCDF4 = {version = ">=1.5.3", markers = "python_version >= \"3.8\""}
pandas = ">=0.18"
requests = ">=2.0.0"
tables = ">=3.4.4"
tqdm = ">=4.23.0"
xarray = ">=0.11.0"

[package.extras]
dev = ["pytest (>=6)", "nox (>=2022)"]
docs = ["Sphinx (==4.5.0)", "sphinx-book-theme (==0.3.3)", "sphinx_copybutton (==0.5.0)", "sphinx-tabs (==3.4.0)"]
test = ["pytest (>=6)"]

[[package]]
name = "wcwidth"
version = "0.2.6"
description = "Measures the displayed width of unicode strings in a terminal"
category = "main"
optional = false
python-versions = "*"

[[package]]
name = "xarray"
version = "2023.1.0"
description = "N-D labeled arrays and datasets in Python"
category = "main"
optional = false
python-versions = ">=3.8"

[package.dependencies]
numpy = ">=1.20"
packaging = ">=21.3"
pandas = ">=1.3"

[package.extras]
accel = ["scipy", "bottleneck", "numbagg", "flox"]
complete = ["netcdf4", "h5netcdf", "scipy", "zarr", "fsspec", "cftime", "rasterio", "cfgrib", "pooch", "bottleneck", "numbagg", "flox", "dask", "matplotlib", "seaborn", "nc-time-axis", "pydap"]
docs = ["netcdf4", "h5netcdf", "scipy", "zarr", "fsspec", "cftime", "rasterio", "cfgrib", "pooch", "bottleneck", "numbagg", "flox", "dask", "matplotlib", "seaborn", "nc-time-axis", "sphinx-autosummary-accessors", "sphinx-rtd-theme", "ipython", "ipykernel", "jupyter-client", "nbsphinx", "scanpydoc", "pydap"]
io = ["netcdf4", "h5netcdf", "scipy", "zarr", "fsspec", "cftime", "rasterio", "cfgrib", "pooch", "pydap"]
parallel = ["dask"]
viz = ["matplotlib", "seaborn", "nc-time-axis"]

[metadata]
lock-version = "1.1"
python-versions = ">=3.8, <3.11"
content-hash = "b8affe0e712bd53a544cb5236615ce1b61105e7b5bcd6ea0e4747be98445850a"

[metadata.files]
appnope = []
astropy = []
asttokens = []
backcall = []
blosc2 = []
bokeh = [
    {file = "bokeh-2.4.3-py3-none-any.whl", hash = "sha256:104d2f0a4ca7774ee4b11e545aa34ff76bf3e2ad6de0d33944361981b65da420"},
    {file = "bokeh-2.4.3.tar.gz", hash = "sha256:ef33801161af379665ab7a34684f2209861e3aefd5c803a21fbbb99d94874b03"},
]
cdasws = []
cdflib = []
certifi = []
cftime = []
charset-normalizer = []
colorama = []
cycler = [
    {file = "cycler-0.11.0-py3-none-any.whl", hash = "sha256:3a27e95f763a428a739d2add979fa7494c912a32c17c4c38c4d5f082cad165a3"},
    {file = "cycler-0.11.0.tar.gz", hash = "sha256:9c87405839a19696e837b3b818fed3f5f69f16f1eec1a1ad77e043dcea9c772f"},
]
cython = []
decorator = []
executing = []
fonttools = []
geopack = []
h5py = []
hapiclient = []
idna = []
imageio = []
ipython = []
isodate = [
    {file = "isodate-0.6.1-py2.py3-none-any.whl", hash = "sha256:0751eece944162659049d35f4f549ed815792b38793f07cf73381c1c87cbed96"},
    {file = "isodate-0.6.1.tar.gz", hash = "sha256:48c5881de7e8b0a0d648cb024c8062dc84e7b840ed81e864c7614fd3c127bde9"},
]
jedi = []
jinja2 = [
    {file = "Jinja2-3.1.2-py3-none-any.whl", hash = "sha256:6088930bfe239f0e6710546ab9c19c9ef35e29792895fed6e6e31a023a182a61"},
    {file = "Jinja2-3.1.2.tar.gz", hash = "sha256:31351a702a408a9e7595a8fc6150fc3f43bb6bf7e319770cbc0db9df9437e852"},
]
joblib = []
kiwisolver = []
markupsafe = []
matplotlib = [
    {file = "matplotlib-3.5.1-cp310-cp310-macosx_10_9_universal2.whl", hash = "sha256:456cc8334f6d1124e8ff856b42d2cc1c84335375a16448189999496549f7182b"},
    {file = "matplotlib-3.5.1-cp310-cp310-macosx_10_9_x86_64.whl", hash = "sha256:8a77906dc2ef9b67407cec0bdbf08e3971141e535db888974a915be5e1e3efc6"},
    {file = "matplotlib-3.5.1-cp310-cp310-macosx_11_0_arm64.whl", hash = "sha256:8e70ae6475cfd0fad3816dcbf6cac536dc6f100f7474be58d59fa306e6e768a4"},
    {file = "matplotlib-3.5.1-cp310-cp310-manylinux_2_17_aarch64.manylinux2014_aarch64.whl", hash = "sha256:53273c5487d1c19c3bc03b9eb82adaf8456f243b97ed79d09dded747abaf1235"},
    {file = "matplotlib-3.5.1-cp310-cp310-manylinux_2_17_i686.manylinux2014_i686.whl", hash = "sha256:e3b6f3fd0d8ca37861c31e9a7cab71a0ef14c639b4c95654ea1dd153158bf0df"},
    {file = "matplotlib-3.5.1-cp310-cp310-manylinux_2_17_x86_64.manylinux2014_x86_64.whl", hash = "sha256:e8c87cdaf06fd7b2477f68909838ff4176f105064a72ca9d24d3f2a29f73d393"},
    {file = "matplotlib-3.5.1-cp310-cp310-win32.whl", hash = "sha256:e2f28a07b4f82abb40267864ad7b3a4ed76f1b1663e81c7efc84a9b9248f672f"},
    {file = "matplotlib-3.5.1-cp310-cp310-win_amd64.whl", hash = "sha256:d70a32ee1f8b55eed3fd4e892f0286df8cccc7e0475c11d33b5d0a148f5c7599"},
    {file = "matplotlib-3.5.1-cp37-cp37m-macosx_10_9_x86_64.whl", hash = "sha256:68fa30cec89b6139dc559ed6ef226c53fd80396da1919a1b5ef672c911aaa767"},
    {file = "matplotlib-3.5.1-cp37-cp37m-manylinux_2_17_aarch64.manylinux2014_aarch64.whl", hash = "sha256:2e3484d8455af3fdb0424eae1789af61f6a79da0c80079125112fd5c1b604218"},
    {file = "matplotlib-3.5.1-cp37-cp37m-manylinux_2_5_i686.manylinux1_i686.whl", hash = "sha256:e293b16cf303fe82995e41700d172a58a15efc5331125d08246b520843ef21ee"},
    {file = "matplotlib-3.5.1-cp37-cp37m-manylinux_2_5_x86_64.manylinux1_x86_64.whl", hash = "sha256:e3520a274a0e054e919f5b3279ee5dbccf5311833819ccf3399dab7c83e90a25"},
    {file = "matplotlib-3.5.1-cp37-cp37m-win32.whl", hash = "sha256:2252bfac85cec7af4a67e494bfccf9080bcba8a0299701eab075f48847cca907"},
    {file = "matplotlib-3.5.1-cp37-cp37m-win_amd64.whl", hash = "sha256:abf67e05a1b7f86583f6ebd01f69b693b9c535276f4e943292e444855870a1b8"},
    {file = "matplotlib-3.5.1-cp38-cp38-macosx_10_9_universal2.whl", hash = "sha256:6c094e4bfecd2fa7f9adffd03d8abceed7157c928c2976899de282f3600f0a3d"},
    {file = "matplotlib-3.5.1-cp38-cp38-macosx_10_9_x86_64.whl", hash = "sha256:506b210cc6e66a0d1c2bb765d055f4f6bc2745070fb1129203b67e85bbfa5c18"},
    {file = "matplotlib-3.5.1-cp38-cp38-macosx_11_0_arm64.whl", hash = "sha256:b04fc29bcef04d4e2d626af28d9d892be6aba94856cb46ed52bcb219ceac8943"},
    {file = "matplotlib-3.5.1-cp38-cp38-manylinux_2_17_aarch64.manylinux2014_aarch64.whl", hash = "sha256:577ed20ec9a18d6bdedb4616f5e9e957b4c08563a9f985563a31fd5b10564d2a"},
    {file = "matplotlib-3.5.1-cp38-cp38-manylinux_2_5_i686.manylinux1_i686.whl", hash = "sha256:e486f60db0cd1c8d68464d9484fd2a94011c1ac8593d765d0211f9daba2bd535"},
    {file = "matplotlib-3.5.1-cp38-cp38-manylinux_2_5_x86_64.manylinux1_x86_64.whl", hash = "sha256:b71f3a7ca935fc759f2aed7cec06cfe10bc3100fadb5dbd9c435b04e557971e1"},
    {file = "matplotlib-3.5.1-cp38-cp38-win32.whl", hash = "sha256:d24e5bb8028541ce25e59390122f5e48c8506b7e35587e5135efcb6471b4ac6c"},
    {file = "matplotlib-3.5.1-cp38-cp38-win_amd64.whl", hash = "sha256:778d398c4866d8e36ee3bf833779c940b5f57192fa0a549b3ad67bc4c822771b"},
    {file = "matplotlib-3.5.1-cp39-cp39-macosx_10_9_universal2.whl", hash = "sha256:bb1c613908f11bac270bc7494d68b1ef6e7c224b7a4204d5dacf3522a41e2bc3"},
    {file = "matplotlib-3.5.1-cp39-cp39-macosx_10_9_x86_64.whl", hash = "sha256:edf5e4e1d5fb22c18820e8586fb867455de3b109c309cb4fce3aaed85d9468d1"},
    {file = "matplotlib-3.5.1-cp39-cp39-macosx_11_0_arm64.whl", hash = "sha256:40e0d7df05e8efe60397c69b467fc8f87a2affeb4d562fe92b72ff8937a2b511"},
    {file = "matplotlib-3.5.1-cp39-cp39-manylinux_2_17_aarch64.manylinux2014_aarch64.whl", hash = "sha256:7a350ca685d9f594123f652ba796ee37219bf72c8e0fc4b471473d87121d6d34"},
    {file = "matplotlib-3.5.1-cp39-cp39-manylinux_2_5_i686.manylinux1_i686.whl", hash = "sha256:3e66497cd990b1a130e21919b004da2f1dc112132c01ac78011a90a0f9229778"},
    {file = "matplotlib-3.5.1-cp39-cp39-manylinux_2_5_x86_64.manylinux1_x86_64.whl", hash = "sha256:87900c67c0f1728e6db17c6809ec05c025c6624dcf96a8020326ea15378fe8e7"},
    {file = "matplotlib-3.5.1-cp39-cp39-win32.whl", hash = "sha256:b8a4fb2a0c5afbe9604f8a91d7d0f27b1832c3e0b5e365f95a13015822b4cd65"},
    {file = "matplotlib-3.5.1-cp39-cp39-win_amd64.whl", hash = "sha256:fe8d40c434a8e2c68d64c6d6a04e77f21791a93ff6afe0dce169597c110d3079"},
    {file = "matplotlib-3.5.1-pp37-pypy37_pp73-macosx_10_9_x86_64.whl", hash = "sha256:34a1fc29f8f96e78ec57a5eff5e8d8b53d3298c3be6df61e7aa9efba26929522"},
    {file = "matplotlib-3.5.1-pp37-pypy37_pp73-manylinux_2_12_i686.manylinux2010_i686.whl", hash = "sha256:b19a761b948e939a9e20173aaae76070025f0024fc8f7ba08bef22a5c8573afc"},
    {file = "matplotlib-3.5.1-pp37-pypy37_pp73-manylinux_2_12_x86_64.manylinux2010_x86_64.whl", hash = "sha256:6803299cbf4665eca14428d9e886de62e24f4223ac31ab9c5d6d5339a39782c7"},
    {file = "matplotlib-3.5.1-pp37-pypy37_pp73-win_amd64.whl", hash = "sha256:14334b9902ec776461c4b8c6516e26b450f7ebe0b3ef8703bf5cdfbbaecf774a"},
    {file = "matplotlib-3.5.1.tar.gz", hash = "sha256:b2e9810e09c3a47b73ce9cab5a72243a1258f61e7900969097a817232246ce1c"},
]
matplotlib-inline = []
more-itertools = []
msgpack = []
netcdf4 = []
networkx = []
numexpr = []
numpy = []
packaging = []
pandas = []
parso = []
pexpect = []
pickleshare = []
pillow = []
prompt-toolkit = []
ptyprocess = []
pure-eval = []
py-cpuinfo = []
pyerfa = []
pygments = []
pyparsing = []
pyspedas = []
python-dateutil = [
    {file = "python-dateutil-2.8.2.tar.gz", hash = "sha256:0123cacc1627ae19ddf3c27a5de5bd67ee4586fbdd6440d9748f8abb483d3e86"},
    {file = "python_dateutil-2.8.2-py2.py3-none-any.whl", hash = "sha256:961d03dc3453ebbc59dbdea9e4e11c5651520a876d0f4db161e8674aae935da9"},
]
pytplot-mpl-temp = []
pytz = []
pywavelets = []
pyyaml = []
requests = []
scikit-image = []
scipy = []
seaborn = []
setuptools-scm = []
six = [
    {file = "six-1.16.0-py2.py3-none-any.whl", hash = "sha256:8abb2f1d86890a2dfb989f9a77cfcfd3e47c2a354b01111771326f8aa26e0254"},
    {file = "six-1.16.0.tar.gz", hash = "sha256:1e61c37477a1626458e36f7b1d82aa5c9b094fa4802892072e49de9c60c4c926"},
]
spacepy = []
stack-data = []
tables = []
tabulate = []
tifffile = []
tomli = [
    {file = "tomli-2.0.1-py3-none-any.whl", hash = "sha256:939de3e7a6161af0c887ef91b7d41a53e7c5a1ca976325f429cb46ea9bc30ecc"},
    {file = "tomli-2.0.1.tar.gz", hash = "sha256:de526c12914f0c550d15924c62d72abc48d6fe7364aa87328337a31007fe8a4f"},
]
tornado = []
tqdm = []
traitlets = []
trjtrypy = [
    {file = "trjtrypy-0.0.0-py3-none-any.whl", hash = "sha256:e66030c9dc8021181aaeeb56af4e95fbde063d06456b0f482c9c2431e90a1142"},
    {file = "trjtrypy-0.0.0.tar.gz", hash = "sha256:d2a275640ac2b8de25adf1792eb68e522c81a15b56998e260f3203223b672ddc"},
]
typing-extensions = []
tzdata = []
urllib3 = []
viresclient = []
wcwidth = []
xarray = []
